
Microsoft Visual Studio Solution File, Format Version 12.00
# Visual Studio 15
VisualStudioVersion = 15.0.26403.0
MinimumVisualStudioVersion = 10.0.40219.1
Project("{FAE04EC0-301F-11D3-BF4B-00C04F79EFBC}") = "Plugin.RxMediaPlayer", "RxMediaPlayer\Plugin.RxMediaPlayer\Plugin.RxMediaPlayer.csproj", "{A6FCEF44-D2BA-42C7-B3CB-13667BCD7B54}"
EndProject
Project("{FAE04EC0-301F-11D3-BF4B-00C04F79EFBC}") = "Plugin.RxMediaPlayer.Abstractions", "RxMediaPlayer\Plugin.RxMediaPlayer.Abstractions\Plugin.RxMediaPlayer.Abstractions.csproj", "{6EDB0588-FFC5-4EF5-8A99-9E241D0F878D}"
EndProject
Project("{FAE04EC0-301F-11D3-BF4B-00C04F79EFBC}") = "Plugin.RxMediaPlayer.iOS", "RxMediaPlayer\Plugin.RxMediaPlayer.iOS\Plugin.RxMediaPlayer.iOS.csproj", "{2882AEEB-D4CD-4EB9-8A6C-6653B33681F0}"
EndProject
Project("{FAE04EC0-301F-11D3-BF4B-00C04F79EFBC}") = "Plugin.RxMediaPlayer.Android", "RxMediaPlayer\Plugin.RxMediaPlayer.Android\Plugin.RxMediaPlayer.Android.csproj", "{56A56F17-7DE1-4CA1-9617-BF32E971AC84}"
EndProject
Project("{2150E333-8FDC-42A3-9474-1A3956D46DE8}") = "Samples", "Samples", "{137A317A-B115-4675-A601-C63B39F01F28}"
EndProject
Project("{FAE04EC0-301F-11D3-BF4B-00C04F79EFBC}") = "Player.Droid", "Player.Droid\App1\Player.Droid.csproj", "{0AE82C94-4A55-4B2D-B15E-E235F7060A0F}"
EndProject
Project("{FAE04EC0-301F-11D3-BF4B-00C04F79EFBC}") = "Player.iOS", "Player.iOS\Player.iOS.csproj", "{C5B97DB5-30FE-4FA8-B442-BA07E666D512}"
EndProject
Project("{FAE04EC0-301F-11D3-BF4B-00C04F79EFBC}") = "Plugin.RxMediaPlayer.Forms", "Plugin.RxMediaPlayer.Forms\Plugin.RxMediaPlayer.Forms.csproj", "{67F9D3A8-F71E-4428-913F-C37AE82CDB24}"
EndProject
Project("{FAE04EC0-301F-11D3-BF4B-00C04F79EFBC}") = "Plugin.RxMediaPlayer.Forms.iOS", "Plugin.RxMediaPlayer.Forms.iOS\Plugin.RxMediaPlayer.Forms.iOS.csproj", "{866145B8-A3F9-4282-92CD-BF415469967F}"
EndProject
Project("{2150E333-8FDC-42A3-9474-1A3956D46DE8}") = "Samples.Forms", "Samples.Forms", "{2521C216-7054-4A87-BAAB-A9A41049C4C2}"
EndProject
Project("{D954291E-2A0B-460D-934E-DC6B0785DB48}") = "FormsSample", "FormsSample\FormsSample\FormsSample\FormsSample.shproj", "{6B7F4291-5F42-4C98-BD12-B0BFA8905E65}"
EndProject
Project("{FAE04EC0-301F-11D3-BF4B-00C04F79EFBC}") = "FormsSample.Android", "FormsSample\FormsSample\FormsSample.Android\FormsSample.Android.csproj", "{A8BDD9F3-31C7-431C-B623-93A7EB5DB458}"
EndProject
Project("{FAE04EC0-301F-11D3-BF4B-00C04F79EFBC}") = "FormsSample.iOS", "FormsSample\FormsSample\FormsSample.iOS\FormsSample.iOS.csproj", "{7893D393-4744-43DF-A382-73C41B283629}"
EndProject
Project("{FAE04EC0-301F-11D3-BF4B-00C04F79EFBC}") = "Plugin.RxMediaPlayer.Forms.Droid", "Plugin.RxMediaPlayer.Forms.Droid\Plugin.RxMediaPlayer.Forms.Droid.csproj", "{3F36A3B9-15EC-4EE1-85F8-2D256C798D57}"
EndProject
Global
	GlobalSection(SharedMSBuildProjectFiles) = preSolution
		FormsSample\FormsSample\FormsSample\FormsSample.projitems*{6b7f4291-5f42-4c98-bd12-b0bfa8905e65}*SharedItemsImports = 13
		FormsSample\FormsSample\FormsSample\FormsSample.projitems*{7893d393-4744-43df-a382-73c41b283629}*SharedItemsImports = 4
		FormsSample\FormsSample\FormsSample\FormsSample.projitems*{a8bdd9f3-31c7-431c-b623-93a7eb5db458}*SharedItemsImports = 4
	EndGlobalSection
	GlobalSection(SolutionConfigurationPlatforms) = preSolution
		Ad-Hoc|Any CPU = Ad-Hoc|Any CPU
		Ad-Hoc|iPhone = Ad-Hoc|iPhone
		Ad-Hoc|iPhoneSimulator = Ad-Hoc|iPhoneSimulator
		AppStore|Any CPU = AppStore|Any CPU
		AppStore|iPhone = AppStore|iPhone
		AppStore|iPhoneSimulator = AppStore|iPhoneSimulator
		Debug|Any CPU = Debug|Any CPU
		Debug|iPhone = Debug|iPhone
		Debug|iPhoneSimulator = Debug|iPhoneSimulator
		Release|Any CPU = Release|Any CPU
		Release|iPhone = Release|iPhone
		Release|iPhoneSimulator = Release|iPhoneSimulator
	EndGlobalSection
	GlobalSection(ProjectConfigurationPlatforms) = postSolution
		{A6FCEF44-D2BA-42C7-B3CB-13667BCD7B54}.Ad-Hoc|Any CPU.ActiveCfg = Release|Any CPU
		{A6FCEF44-D2BA-42C7-B3CB-13667BCD7B54}.Ad-Hoc|Any CPU.Build.0 = Release|Any CPU
		{A6FCEF44-D2BA-42C7-B3CB-13667BCD7B54}.Ad-Hoc|iPhone.ActiveCfg = Release|Any CPU
		{A6FCEF44-D2BA-42C7-B3CB-13667BCD7B54}.Ad-Hoc|iPhone.Build.0 = Release|Any CPU
		{A6FCEF44-D2BA-42C7-B3CB-13667BCD7B54}.Ad-Hoc|iPhoneSimulator.ActiveCfg = Release|Any CPU
		{A6FCEF44-D2BA-42C7-B3CB-13667BCD7B54}.Ad-Hoc|iPhoneSimulator.Build.0 = Release|Any CPU
		{A6FCEF44-D2BA-42C7-B3CB-13667BCD7B54}.AppStore|Any CPU.ActiveCfg = Release|Any CPU
		{A6FCEF44-D2BA-42C7-B3CB-13667BCD7B54}.AppStore|Any CPU.Build.0 = Release|Any CPU
		{A6FCEF44-D2BA-42C7-B3CB-13667BCD7B54}.AppStore|iPhone.ActiveCfg = Release|Any CPU
		{A6FCEF44-D2BA-42C7-B3CB-13667BCD7B54}.AppStore|iPhone.Build.0 = Release|Any CPU
		{A6FCEF44-D2BA-42C7-B3CB-13667BCD7B54}.AppStore|iPhoneSimulator.ActiveCfg = Release|Any CPU
		{A6FCEF44-D2BA-42C7-B3CB-13667BCD7B54}.AppStore|iPhoneSimulator.Build.0 = Release|Any CPU
		{A6FCEF44-D2BA-42C7-B3CB-13667BCD7B54}.Debug|Any CPU.ActiveCfg = Debug|Any CPU
		{A6FCEF44-D2BA-42C7-B3CB-13667BCD7B54}.Debug|Any CPU.Build.0 = Debug|Any CPU
		{A6FCEF44-D2BA-42C7-B3CB-13667BCD7B54}.Debug|iPhone.ActiveCfg = Debug|Any CPU
		{A6FCEF44-D2BA-42C7-B3CB-13667BCD7B54}.Debug|iPhone.Build.0 = Debug|Any CPU
		{A6FCEF44-D2BA-42C7-B3CB-13667BCD7B54}.Debug|iPhoneSimulator.ActiveCfg = Debug|Any CPU
		{A6FCEF44-D2BA-42C7-B3CB-13667BCD7B54}.Debug|iPhoneSimulator.Build.0 = Debug|Any CPU
		{A6FCEF44-D2BA-42C7-B3CB-13667BCD7B54}.Release|Any CPU.ActiveCfg = Release|Any CPU
		{A6FCEF44-D2BA-42C7-B3CB-13667BCD7B54}.Release|Any CPU.Build.0 = Release|Any CPU
		{A6FCEF44-D2BA-42C7-B3CB-13667BCD7B54}.Release|iPhone.ActiveCfg = Release|Any CPU
		{A6FCEF44-D2BA-42C7-B3CB-13667BCD7B54}.Release|iPhone.Build.0 = Release|Any CPU
		{A6FCEF44-D2BA-42C7-B3CB-13667BCD7B54}.Release|iPhoneSimulator.ActiveCfg = Release|Any CPU
		{A6FCEF44-D2BA-42C7-B3CB-13667BCD7B54}.Release|iPhoneSimulator.Build.0 = Release|Any CPU
		{6EDB0588-FFC5-4EF5-8A99-9E241D0F878D}.Ad-Hoc|Any CPU.ActiveCfg = Release|Any CPU
		{6EDB0588-FFC5-4EF5-8A99-9E241D0F878D}.Ad-Hoc|Any CPU.Build.0 = Release|Any CPU
		{6EDB0588-FFC5-4EF5-8A99-9E241D0F878D}.Ad-Hoc|iPhone.ActiveCfg = Release|Any CPU
		{6EDB0588-FFC5-4EF5-8A99-9E241D0F878D}.Ad-Hoc|iPhone.Build.0 = Release|Any CPU
		{6EDB0588-FFC5-4EF5-8A99-9E241D0F878D}.Ad-Hoc|iPhoneSimulator.ActiveCfg = Release|Any CPU
		{6EDB0588-FFC5-4EF5-8A99-9E241D0F878D}.Ad-Hoc|iPhoneSimulator.Build.0 = Release|Any CPU
		{6EDB0588-FFC5-4EF5-8A99-9E241D0F878D}.AppStore|Any CPU.ActiveCfg = Release|Any CPU
		{6EDB0588-FFC5-4EF5-8A99-9E241D0F878D}.AppStore|Any CPU.Build.0 = Release|Any CPU
		{6EDB0588-FFC5-4EF5-8A99-9E241D0F878D}.AppStore|iPhone.ActiveCfg = Release|Any CPU
		{6EDB0588-FFC5-4EF5-8A99-9E241D0F878D}.AppStore|iPhone.Build.0 = Release|Any CPU
		{6EDB0588-FFC5-4EF5-8A99-9E241D0F878D}.AppStore|iPhoneSimulator.ActiveCfg = Release|Any CPU
		{6EDB0588-FFC5-4EF5-8A99-9E241D0F878D}.AppStore|iPhoneSimulator.Build.0 = Release|Any CPU
		{6EDB0588-FFC5-4EF5-8A99-9E241D0F878D}.Debug|Any CPU.ActiveCfg = Debug|Any CPU
		{6EDB0588-FFC5-4EF5-8A99-9E241D0F878D}.Debug|Any CPU.Build.0 = Debug|Any CPU
		{6EDB0588-FFC5-4EF5-8A99-9E241D0F878D}.Debug|iPhone.ActiveCfg = Debug|Any CPU
		{6EDB0588-FFC5-4EF5-8A99-9E241D0F878D}.Debug|iPhone.Build.0 = Debug|Any CPU
		{6EDB0588-FFC5-4EF5-8A99-9E241D0F878D}.Debug|iPhoneSimulator.ActiveCfg = Debug|Any CPU
		{6EDB0588-FFC5-4EF5-8A99-9E241D0F878D}.Debug|iPhoneSimulator.Build.0 = Debug|Any CPU
		{6EDB0588-FFC5-4EF5-8A99-9E241D0F878D}.Release|Any CPU.ActiveCfg = Release|Any CPU
		{6EDB0588-FFC5-4EF5-8A99-9E241D0F878D}.Release|Any CPU.Build.0 = Release|Any CPU
		{6EDB0588-FFC5-4EF5-8A99-9E241D0F878D}.Release|iPhone.ActiveCfg = Release|Any CPU
		{6EDB0588-FFC5-4EF5-8A99-9E241D0F878D}.Release|iPhone.Build.0 = Release|Any CPU
		{6EDB0588-FFC5-4EF5-8A99-9E241D0F878D}.Release|iPhoneSimulator.ActiveCfg = Release|Any CPU
		{6EDB0588-FFC5-4EF5-8A99-9E241D0F878D}.Release|iPhoneSimulator.Build.0 = Release|Any CPU
		{2882AEEB-D4CD-4EB9-8A6C-6653B33681F0}.Ad-Hoc|Any CPU.ActiveCfg = Release|Any CPU
		{2882AEEB-D4CD-4EB9-8A6C-6653B33681F0}.Ad-Hoc|Any CPU.Build.0 = Release|Any CPU
		{2882AEEB-D4CD-4EB9-8A6C-6653B33681F0}.Ad-Hoc|iPhone.ActiveCfg = Release|Any CPU
		{2882AEEB-D4CD-4EB9-8A6C-6653B33681F0}.Ad-Hoc|iPhone.Build.0 = Release|Any CPU
		{2882AEEB-D4CD-4EB9-8A6C-6653B33681F0}.Ad-Hoc|iPhoneSimulator.ActiveCfg = Release|Any CPU
		{2882AEEB-D4CD-4EB9-8A6C-6653B33681F0}.Ad-Hoc|iPhoneSimulator.Build.0 = Release|Any CPU
		{2882AEEB-D4CD-4EB9-8A6C-6653B33681F0}.AppStore|Any CPU.ActiveCfg = Release|Any CPU
		{2882AEEB-D4CD-4EB9-8A6C-6653B33681F0}.AppStore|Any CPU.Build.0 = Release|Any CPU
		{2882AEEB-D4CD-4EB9-8A6C-6653B33681F0}.AppStore|iPhone.ActiveCfg = Release|Any CPU
		{2882AEEB-D4CD-4EB9-8A6C-6653B33681F0}.AppStore|iPhone.Build.0 = Release|Any CPU
		{2882AEEB-D4CD-4EB9-8A6C-6653B33681F0}.AppStore|iPhoneSimulator.ActiveCfg = Release|Any CPU
		{2882AEEB-D4CD-4EB9-8A6C-6653B33681F0}.AppStore|iPhoneSimulator.Build.0 = Release|Any CPU
		{2882AEEB-D4CD-4EB9-8A6C-6653B33681F0}.Debug|Any CPU.ActiveCfg = Debug|Any CPU
		{2882AEEB-D4CD-4EB9-8A6C-6653B33681F0}.Debug|Any CPU.Build.0 = Debug|Any CPU
		{2882AEEB-D4CD-4EB9-8A6C-6653B33681F0}.Debug|iPhone.ActiveCfg = Debug|Any CPU
		{2882AEEB-D4CD-4EB9-8A6C-6653B33681F0}.Debug|iPhone.Build.0 = Debug|Any CPU
		{2882AEEB-D4CD-4EB9-8A6C-6653B33681F0}.Debug|iPhoneSimulator.ActiveCfg = Debug|Any CPU
		{2882AEEB-D4CD-4EB9-8A6C-6653B33681F0}.Debug|iPhoneSimulator.Build.0 = Debug|Any CPU
		{2882AEEB-D4CD-4EB9-8A6C-6653B33681F0}.Release|Any CPU.ActiveCfg = Release|Any CPU
		{2882AEEB-D4CD-4EB9-8A6C-6653B33681F0}.Release|Any CPU.Build.0 = Release|Any CPU
		{2882AEEB-D4CD-4EB9-8A6C-6653B33681F0}.Release|iPhone.ActiveCfg = Release|Any CPU
		{2882AEEB-D4CD-4EB9-8A6C-6653B33681F0}.Release|iPhone.Build.0 = Release|Any CPU
		{2882AEEB-D4CD-4EB9-8A6C-6653B33681F0}.Release|iPhoneSimulator.ActiveCfg = Release|Any CPU
		{2882AEEB-D4CD-4EB9-8A6C-6653B33681F0}.Release|iPhoneSimulator.Build.0 = Release|Any CPU
		{56A56F17-7DE1-4CA1-9617-BF32E971AC84}.Ad-Hoc|Any CPU.ActiveCfg = Release|Any CPU
		{56A56F17-7DE1-4CA1-9617-BF32E971AC84}.Ad-Hoc|Any CPU.Build.0 = Release|Any CPU
		{56A56F17-7DE1-4CA1-9617-BF32E971AC84}.Ad-Hoc|iPhone.ActiveCfg = Release|Any CPU
		{56A56F17-7DE1-4CA1-9617-BF32E971AC84}.Ad-Hoc|iPhone.Build.0 = Release|Any CPU
		{56A56F17-7DE1-4CA1-9617-BF32E971AC84}.Ad-Hoc|iPhoneSimulator.ActiveCfg = Release|Any CPU
		{56A56F17-7DE1-4CA1-9617-BF32E971AC84}.Ad-Hoc|iPhoneSimulator.Build.0 = Release|Any CPU
		{56A56F17-7DE1-4CA1-9617-BF32E971AC84}.AppStore|Any CPU.ActiveCfg = Release|Any CPU
		{56A56F17-7DE1-4CA1-9617-BF32E971AC84}.AppStore|Any CPU.Build.0 = Release|Any CPU
		{56A56F17-7DE1-4CA1-9617-BF32E971AC84}.AppStore|iPhone.ActiveCfg = Release|Any CPU
		{56A56F17-7DE1-4CA1-9617-BF32E971AC84}.AppStore|iPhone.Build.0 = Release|Any CPU
		{56A56F17-7DE1-4CA1-9617-BF32E971AC84}.AppStore|iPhoneSimulator.ActiveCfg = Release|Any CPU
		{56A56F17-7DE1-4CA1-9617-BF32E971AC84}.AppStore|iPhoneSimulator.Build.0 = Release|Any CPU
		{56A56F17-7DE1-4CA1-9617-BF32E971AC84}.Debug|Any CPU.ActiveCfg = Debug|Any CPU
		{56A56F17-7DE1-4CA1-9617-BF32E971AC84}.Debug|Any CPU.Build.0 = Debug|Any CPU
		{56A56F17-7DE1-4CA1-9617-BF32E971AC84}.Debug|iPhone.ActiveCfg = Debug|Any CPU
		{56A56F17-7DE1-4CA1-9617-BF32E971AC84}.Debug|iPhone.Build.0 = Debug|Any CPU
		{56A56F17-7DE1-4CA1-9617-BF32E971AC84}.Debug|iPhoneSimulator.ActiveCfg = Debug|Any CPU
		{56A56F17-7DE1-4CA1-9617-BF32E971AC84}.Debug|iPhoneSimulator.Build.0 = Debug|Any CPU
		{56A56F17-7DE1-4CA1-9617-BF32E971AC84}.Release|Any CPU.ActiveCfg = Release|Any CPU
		{56A56F17-7DE1-4CA1-9617-BF32E971AC84}.Release|Any CPU.Build.0 = Release|Any CPU
		{56A56F17-7DE1-4CA1-9617-BF32E971AC84}.Release|iPhone.ActiveCfg = Release|Any CPU
		{56A56F17-7DE1-4CA1-9617-BF32E971AC84}.Release|iPhone.Build.0 = Release|Any CPU
		{56A56F17-7DE1-4CA1-9617-BF32E971AC84}.Release|iPhoneSimulator.ActiveCfg = Release|Any CPU
		{56A56F17-7DE1-4CA1-9617-BF32E971AC84}.Release|iPhoneSimulator.Build.0 = Release|Any CPU
		{0AE82C94-4A55-4B2D-B15E-E235F7060A0F}.Ad-Hoc|Any CPU.ActiveCfg = Release|Any CPU
		{0AE82C94-4A55-4B2D-B15E-E235F7060A0F}.Ad-Hoc|Any CPU.Build.0 = Release|Any CPU
		{0AE82C94-4A55-4B2D-B15E-E235F7060A0F}.Ad-Hoc|Any CPU.Deploy.0 = Release|Any CPU
		{0AE82C94-4A55-4B2D-B15E-E235F7060A0F}.Ad-Hoc|iPhone.ActiveCfg = Release|Any CPU
		{0AE82C94-4A55-4B2D-B15E-E235F7060A0F}.Ad-Hoc|iPhone.Build.0 = Release|Any CPU
		{0AE82C94-4A55-4B2D-B15E-E235F7060A0F}.Ad-Hoc|iPhone.Deploy.0 = Release|Any CPU
		{0AE82C94-4A55-4B2D-B15E-E235F7060A0F}.Ad-Hoc|iPhoneSimulator.ActiveCfg = Release|Any CPU
		{0AE82C94-4A55-4B2D-B15E-E235F7060A0F}.Ad-Hoc|iPhoneSimulator.Build.0 = Release|Any CPU
		{0AE82C94-4A55-4B2D-B15E-E235F7060A0F}.Ad-Hoc|iPhoneSimulator.Deploy.0 = Release|Any CPU
		{0AE82C94-4A55-4B2D-B15E-E235F7060A0F}.AppStore|Any CPU.ActiveCfg = Release|Any CPU
		{0AE82C94-4A55-4B2D-B15E-E235F7060A0F}.AppStore|Any CPU.Build.0 = Release|Any CPU
		{0AE82C94-4A55-4B2D-B15E-E235F7060A0F}.AppStore|Any CPU.Deploy.0 = Release|Any CPU
		{0AE82C94-4A55-4B2D-B15E-E235F7060A0F}.AppStore|iPhone.ActiveCfg = Release|Any CPU
		{0AE82C94-4A55-4B2D-B15E-E235F7060A0F}.AppStore|iPhone.Build.0 = Release|Any CPU
		{0AE82C94-4A55-4B2D-B15E-E235F7060A0F}.AppStore|iPhone.Deploy.0 = Release|Any CPU
		{0AE82C94-4A55-4B2D-B15E-E235F7060A0F}.AppStore|iPhoneSimulator.ActiveCfg = Release|Any CPU
		{0AE82C94-4A55-4B2D-B15E-E235F7060A0F}.AppStore|iPhoneSimulator.Build.0 = Release|Any CPU
		{0AE82C94-4A55-4B2D-B15E-E235F7060A0F}.AppStore|iPhoneSimulator.Deploy.0 = Release|Any CPU
		{0AE82C94-4A55-4B2D-B15E-E235F7060A0F}.Debug|Any CPU.ActiveCfg = Debug|Any CPU
		{0AE82C94-4A55-4B2D-B15E-E235F7060A0F}.Debug|Any CPU.Build.0 = Debug|Any CPU
		{0AE82C94-4A55-4B2D-B15E-E235F7060A0F}.Debug|Any CPU.Deploy.0 = Debug|Any CPU
		{0AE82C94-4A55-4B2D-B15E-E235F7060A0F}.Debug|iPhone.ActiveCfg = Debug|Any CPU
		{0AE82C94-4A55-4B2D-B15E-E235F7060A0F}.Debug|iPhone.Build.0 = Debug|Any CPU
		{0AE82C94-4A55-4B2D-B15E-E235F7060A0F}.Debug|iPhone.Deploy.0 = Debug|Any CPU
		{0AE82C94-4A55-4B2D-B15E-E235F7060A0F}.Debug|iPhoneSimulator.ActiveCfg = Debug|Any CPU
		{0AE82C94-4A55-4B2D-B15E-E235F7060A0F}.Debug|iPhoneSimulator.Build.0 = Debug|Any CPU
		{0AE82C94-4A55-4B2D-B15E-E235F7060A0F}.Debug|iPhoneSimulator.Deploy.0 = Debug|Any CPU
		{0AE82C94-4A55-4B2D-B15E-E235F7060A0F}.Release|Any CPU.ActiveCfg = Release|Any CPU
		{0AE82C94-4A55-4B2D-B15E-E235F7060A0F}.Release|Any CPU.Build.0 = Release|Any CPU
		{0AE82C94-4A55-4B2D-B15E-E235F7060A0F}.Release|Any CPU.Deploy.0 = Release|Any CPU
		{0AE82C94-4A55-4B2D-B15E-E235F7060A0F}.Release|iPhone.ActiveCfg = Release|Any CPU
		{0AE82C94-4A55-4B2D-B15E-E235F7060A0F}.Release|iPhone.Build.0 = Release|Any CPU
		{0AE82C94-4A55-4B2D-B15E-E235F7060A0F}.Release|iPhone.Deploy.0 = Release|Any CPU
		{0AE82C94-4A55-4B2D-B15E-E235F7060A0F}.Release|iPhoneSimulator.ActiveCfg = Release|Any CPU
		{0AE82C94-4A55-4B2D-B15E-E235F7060A0F}.Release|iPhoneSimulator.Build.0 = Release|Any CPU
		{0AE82C94-4A55-4B2D-B15E-E235F7060A0F}.Release|iPhoneSimulator.Deploy.0 = Release|Any CPU
		{C5B97DB5-30FE-4FA8-B442-BA07E666D512}.Ad-Hoc|Any CPU.ActiveCfg = Ad-Hoc|iPhone
		{C5B97DB5-30FE-4FA8-B442-BA07E666D512}.Ad-Hoc|iPhone.ActiveCfg = Ad-Hoc|iPhone
		{C5B97DB5-30FE-4FA8-B442-BA07E666D512}.Ad-Hoc|iPhone.Build.0 = Ad-Hoc|iPhone
		{C5B97DB5-30FE-4FA8-B442-BA07E666D512}.Ad-Hoc|iPhoneSimulator.ActiveCfg = Ad-Hoc|iPhoneSimulator
		{C5B97DB5-30FE-4FA8-B442-BA07E666D512}.Ad-Hoc|iPhoneSimulator.Build.0 = Ad-Hoc|iPhoneSimulator
		{C5B97DB5-30FE-4FA8-B442-BA07E666D512}.AppStore|Any CPU.ActiveCfg = AppStore|iPhone
		{C5B97DB5-30FE-4FA8-B442-BA07E666D512}.AppStore|iPhone.ActiveCfg = AppStore|iPhone
		{C5B97DB5-30FE-4FA8-B442-BA07E666D512}.AppStore|iPhone.Build.0 = AppStore|iPhone
		{C5B97DB5-30FE-4FA8-B442-BA07E666D512}.AppStore|iPhoneSimulator.ActiveCfg = AppStore|iPhoneSimulator
		{C5B97DB5-30FE-4FA8-B442-BA07E666D512}.AppStore|iPhoneSimulator.Build.0 = AppStore|iPhoneSimulator
		{C5B97DB5-30FE-4FA8-B442-BA07E666D512}.Debug|Any CPU.ActiveCfg = Debug|iPhone
		{C5B97DB5-30FE-4FA8-B442-BA07E666D512}.Debug|iPhone.ActiveCfg = Debug|iPhone
		{C5B97DB5-30FE-4FA8-B442-BA07E666D512}.Debug|iPhone.Build.0 = Debug|iPhone
		{C5B97DB5-30FE-4FA8-B442-BA07E666D512}.Debug|iPhoneSimulator.ActiveCfg = Debug|iPhoneSimulator
		{C5B97DB5-30FE-4FA8-B442-BA07E666D512}.Debug|iPhoneSimulator.Build.0 = Debug|iPhoneSimulator
		{C5B97DB5-30FE-4FA8-B442-BA07E666D512}.Release|Any CPU.ActiveCfg = Release|iPhone
		{C5B97DB5-30FE-4FA8-B442-BA07E666D512}.Release|iPhone.ActiveCfg = Release|iPhone
		{C5B97DB5-30FE-4FA8-B442-BA07E666D512}.Release|iPhone.Build.0 = Release|iPhone
		{C5B97DB5-30FE-4FA8-B442-BA07E666D512}.Release|iPhoneSimulator.ActiveCfg = Release|iPhoneSimulator
		{C5B97DB5-30FE-4FA8-B442-BA07E666D512}.Release|iPhoneSimulator.Build.0 = Release|iPhoneSimulator
		{67F9D3A8-F71E-4428-913F-C37AE82CDB24}.Ad-Hoc|Any CPU.ActiveCfg = Release|Any CPU
		{67F9D3A8-F71E-4428-913F-C37AE82CDB24}.Ad-Hoc|Any CPU.Build.0 = Release|Any CPU
		{67F9D3A8-F71E-4428-913F-C37AE82CDB24}.Ad-Hoc|iPhone.ActiveCfg = Release|Any CPU
		{67F9D3A8-F71E-4428-913F-C37AE82CDB24}.Ad-Hoc|iPhone.Build.0 = Release|Any CPU
		{67F9D3A8-F71E-4428-913F-C37AE82CDB24}.Ad-Hoc|iPhoneSimulator.ActiveCfg = Release|Any CPU
		{67F9D3A8-F71E-4428-913F-C37AE82CDB24}.Ad-Hoc|iPhoneSimulator.Build.0 = Release|Any CPU
		{67F9D3A8-F71E-4428-913F-C37AE82CDB24}.AppStore|Any CPU.ActiveCfg = Release|Any CPU
		{67F9D3A8-F71E-4428-913F-C37AE82CDB24}.AppStore|Any CPU.Build.0 = Release|Any CPU
		{67F9D3A8-F71E-4428-913F-C37AE82CDB24}.AppStore|iPhone.ActiveCfg = Release|Any CPU
		{67F9D3A8-F71E-4428-913F-C37AE82CDB24}.AppStore|iPhone.Build.0 = Release|Any CPU
		{67F9D3A8-F71E-4428-913F-C37AE82CDB24}.AppStore|iPhoneSimulator.ActiveCfg = Release|Any CPU
		{67F9D3A8-F71E-4428-913F-C37AE82CDB24}.AppStore|iPhoneSimulator.Build.0 = Release|Any CPU
		{67F9D3A8-F71E-4428-913F-C37AE82CDB24}.Debug|Any CPU.ActiveCfg = Debug|Any CPU
		{67F9D3A8-F71E-4428-913F-C37AE82CDB24}.Debug|Any CPU.Build.0 = Debug|Any CPU
		{67F9D3A8-F71E-4428-913F-C37AE82CDB24}.Debug|iPhone.ActiveCfg = Debug|Any CPU
		{67F9D3A8-F71E-4428-913F-C37AE82CDB24}.Debug|iPhone.Build.0 = Debug|Any CPU
		{67F9D3A8-F71E-4428-913F-C37AE82CDB24}.Debug|iPhoneSimulator.ActiveCfg = Debug|Any CPU
		{67F9D3A8-F71E-4428-913F-C37AE82CDB24}.Debug|iPhoneSimulator.Build.0 = Debug|Any CPU
		{67F9D3A8-F71E-4428-913F-C37AE82CDB24}.Release|Any CPU.ActiveCfg = Release|Any CPU
		{67F9D3A8-F71E-4428-913F-C37AE82CDB24}.Release|Any CPU.Build.0 = Release|Any CPU
		{67F9D3A8-F71E-4428-913F-C37AE82CDB24}.Release|iPhone.ActiveCfg = Release|Any CPU
		{67F9D3A8-F71E-4428-913F-C37AE82CDB24}.Release|iPhone.Build.0 = Release|Any CPU
		{67F9D3A8-F71E-4428-913F-C37AE82CDB24}.Release|iPhoneSimulator.ActiveCfg = Release|Any CPU
		{67F9D3A8-F71E-4428-913F-C37AE82CDB24}.Release|iPhoneSimulator.Build.0 = Release|Any CPU
		{866145B8-A3F9-4282-92CD-BF415469967F}.Ad-Hoc|Any CPU.ActiveCfg = Release|Any CPU
		{866145B8-A3F9-4282-92CD-BF415469967F}.Ad-Hoc|Any CPU.Build.0 = Release|Any CPU
		{866145B8-A3F9-4282-92CD-BF415469967F}.Ad-Hoc|iPhone.ActiveCfg = Release|Any CPU
		{866145B8-A3F9-4282-92CD-BF415469967F}.Ad-Hoc|iPhone.Build.0 = Release|Any CPU
		{866145B8-A3F9-4282-92CD-BF415469967F}.Ad-Hoc|iPhoneSimulator.ActiveCfg = Release|Any CPU
		{866145B8-A3F9-4282-92CD-BF415469967F}.Ad-Hoc|iPhoneSimulator.Build.0 = Release|Any CPU
		{866145B8-A3F9-4282-92CD-BF415469967F}.AppStore|Any CPU.ActiveCfg = Release|Any CPU
		{866145B8-A3F9-4282-92CD-BF415469967F}.AppStore|Any CPU.Build.0 = Release|Any CPU
		{866145B8-A3F9-4282-92CD-BF415469967F}.AppStore|iPhone.ActiveCfg = Release|Any CPU
		{866145B8-A3F9-4282-92CD-BF415469967F}.AppStore|iPhone.Build.0 = Release|Any CPU
		{866145B8-A3F9-4282-92CD-BF415469967F}.AppStore|iPhoneSimulator.ActiveCfg = Release|Any CPU
		{866145B8-A3F9-4282-92CD-BF415469967F}.AppStore|iPhoneSimulator.Build.0 = Release|Any CPU
		{866145B8-A3F9-4282-92CD-BF415469967F}.Debug|Any CPU.ActiveCfg = Debug|Any CPU
		{866145B8-A3F9-4282-92CD-BF415469967F}.Debug|Any CPU.Build.0 = Debug|Any CPU
		{866145B8-A3F9-4282-92CD-BF415469967F}.Debug|iPhone.ActiveCfg = Debug|Any CPU
		{866145B8-A3F9-4282-92CD-BF415469967F}.Debug|iPhone.Build.0 = Debug|Any CPU
		{866145B8-A3F9-4282-92CD-BF415469967F}.Debug|iPhoneSimulator.ActiveCfg = Debug|Any CPU
		{866145B8-A3F9-4282-92CD-BF415469967F}.Debug|iPhoneSimulator.Build.0 = Debug|Any CPU
		{866145B8-A3F9-4282-92CD-BF415469967F}.Release|Any CPU.ActiveCfg = Release|Any CPU
		{866145B8-A3F9-4282-92CD-BF415469967F}.Release|Any CPU.Build.0 = Release|Any CPU
		{866145B8-A3F9-4282-92CD-BF415469967F}.Release|iPhone.ActiveCfg = Release|Any CPU
		{866145B8-A3F9-4282-92CD-BF415469967F}.Release|iPhone.Build.0 = Release|Any CPU
		{866145B8-A3F9-4282-92CD-BF415469967F}.Release|iPhoneSimulator.ActiveCfg = Release|Any CPU
		{866145B8-A3F9-4282-92CD-BF415469967F}.Release|iPhoneSimulator.Build.0 = Release|Any CPU
		{A8BDD9F3-31C7-431C-B623-93A7EB5DB458}.Ad-Hoc|Any CPU.ActiveCfg = Release|Any CPU
		{A8BDD9F3-31C7-431C-B623-93A7EB5DB458}.Ad-Hoc|Any CPU.Build.0 = Release|Any CPU
		{A8BDD9F3-31C7-431C-B623-93A7EB5DB458}.Ad-Hoc|Any CPU.Deploy.0 = Release|Any CPU
		{A8BDD9F3-31C7-431C-B623-93A7EB5DB458}.Ad-Hoc|iPhone.ActiveCfg = Release|Any CPU
		{A8BDD9F3-31C7-431C-B623-93A7EB5DB458}.Ad-Hoc|iPhone.Build.0 = Release|Any CPU
		{A8BDD9F3-31C7-431C-B623-93A7EB5DB458}.Ad-Hoc|iPhone.Deploy.0 = Release|Any CPU
		{A8BDD9F3-31C7-431C-B623-93A7EB5DB458}.Ad-Hoc|iPhoneSimulator.ActiveCfg = Release|Any CPU
		{A8BDD9F3-31C7-431C-B623-93A7EB5DB458}.Ad-Hoc|iPhoneSimulator.Build.0 = Release|Any CPU
		{A8BDD9F3-31C7-431C-B623-93A7EB5DB458}.Ad-Hoc|iPhoneSimulator.Deploy.0 = Release|Any CPU
		{A8BDD9F3-31C7-431C-B623-93A7EB5DB458}.AppStore|Any CPU.ActiveCfg = Release|Any CPU
		{A8BDD9F3-31C7-431C-B623-93A7EB5DB458}.AppStore|Any CPU.Build.0 = Release|Any CPU
		{A8BDD9F3-31C7-431C-B623-93A7EB5DB458}.AppStore|Any CPU.Deploy.0 = Release|Any CPU
		{A8BDD9F3-31C7-431C-B623-93A7EB5DB458}.AppStore|iPhone.ActiveCfg = Release|Any CPU
		{A8BDD9F3-31C7-431C-B623-93A7EB5DB458}.AppStore|iPhone.Build.0 = Release|Any CPU
		{A8BDD9F3-31C7-431C-B623-93A7EB5DB458}.AppStore|iPhone.Deploy.0 = Release|Any CPU
		{A8BDD9F3-31C7-431C-B623-93A7EB5DB458}.AppStore|iPhoneSimulator.ActiveCfg = Release|Any CPU
		{A8BDD9F3-31C7-431C-B623-93A7EB5DB458}.AppStore|iPhoneSimulator.Build.0 = Release|Any CPU
		{A8BDD9F3-31C7-431C-B623-93A7EB5DB458}.AppStore|iPhoneSimulator.Deploy.0 = Release|Any CPU
		{A8BDD9F3-31C7-431C-B623-93A7EB5DB458}.Debug|Any CPU.ActiveCfg = Debug|Any CPU
		{A8BDD9F3-31C7-431C-B623-93A7EB5DB458}.Debug|Any CPU.Build.0 = Debug|Any CPU
		{A8BDD9F3-31C7-431C-B623-93A7EB5DB458}.Debug|Any CPU.Deploy.0 = Debug|Any CPU
		{A8BDD9F3-31C7-431C-B623-93A7EB5DB458}.Debug|iPhone.ActiveCfg = Debug|Any CPU
		{A8BDD9F3-31C7-431C-B623-93A7EB5DB458}.Debug|iPhone.Build.0 = Debug|Any CPU
		{A8BDD9F3-31C7-431C-B623-93A7EB5DB458}.Debug|iPhone.Deploy.0 = Debug|Any CPU
		{A8BDD9F3-31C7-431C-B623-93A7EB5DB458}.Debug|iPhoneSimulator.ActiveCfg = Debug|Any CPU
		{A8BDD9F3-31C7-431C-B623-93A7EB5DB458}.Debug|iPhoneSimulator.Build.0 = Debug|Any CPU
		{A8BDD9F3-31C7-431C-B623-93A7EB5DB458}.Debug|iPhoneSimulator.Deploy.0 = Debug|Any CPU
		{A8BDD9F3-31C7-431C-B623-93A7EB5DB458}.Release|Any CPU.ActiveCfg = Release|Any CPU
		{A8BDD9F3-31C7-431C-B623-93A7EB5DB458}.Release|Any CPU.Build.0 = Release|Any CPU
		{A8BDD9F3-31C7-431C-B623-93A7EB5DB458}.Release|Any CPU.Deploy.0 = Release|Any CPU
		{A8BDD9F3-31C7-431C-B623-93A7EB5DB458}.Release|iPhone.ActiveCfg = Release|Any CPU
		{A8BDD9F3-31C7-431C-B623-93A7EB5DB458}.Release|iPhone.Build.0 = Release|Any CPU
		{A8BDD9F3-31C7-431C-B623-93A7EB5DB458}.Release|iPhone.Deploy.0 = Release|Any CPU
		{A8BDD9F3-31C7-431C-B623-93A7EB5DB458}.Release|iPhoneSimulator.ActiveCfg = Release|Any CPU
		{A8BDD9F3-31C7-431C-B623-93A7EB5DB458}.Release|iPhoneSimulator.Build.0 = Release|Any CPU
		{A8BDD9F3-31C7-431C-B623-93A7EB5DB458}.Release|iPhoneSimulator.Deploy.0 = Release|Any CPU
		{7893D393-4744-43DF-A382-73C41B283629}.Ad-Hoc|Any CPU.ActiveCfg = Ad-Hoc|iPhone
		{7893D393-4744-43DF-A382-73C41B283629}.Ad-Hoc|iPhone.ActiveCfg = Ad-Hoc|iPhone
		{7893D393-4744-43DF-A382-73C41B283629}.Ad-Hoc|iPhone.Build.0 = Ad-Hoc|iPhone
		{7893D393-4744-43DF-A382-73C41B283629}.Ad-Hoc|iPhoneSimulator.ActiveCfg = Ad-Hoc|iPhoneSimulator
		{7893D393-4744-43DF-A382-73C41B283629}.Ad-Hoc|iPhoneSimulator.Build.0 = Ad-Hoc|iPhoneSimulator
		{7893D393-4744-43DF-A382-73C41B283629}.AppStore|Any CPU.ActiveCfg = AppStore|iPhone
		{7893D393-4744-43DF-A382-73C41B283629}.AppStore|iPhone.ActiveCfg = AppStore|iPhone
		{7893D393-4744-43DF-A382-73C41B283629}.AppStore|iPhone.Build.0 = AppStore|iPhone
		{7893D393-4744-43DF-A382-73C41B283629}.AppStore|iPhoneSimulator.ActiveCfg = AppStore|iPhoneSimulator
		{7893D393-4744-43DF-A382-73C41B283629}.AppStore|iPhoneSimulator.Build.0 = AppStore|iPhoneSimulator
		{7893D393-4744-43DF-A382-73C41B283629}.Debug|Any CPU.ActiveCfg = Debug|iPhone
		{7893D393-4744-43DF-A382-73C41B283629}.Debug|iPhone.ActiveCfg = Debug|iPhone
		{7893D393-4744-43DF-A382-73C41B283629}.Debug|iPhone.Build.0 = Debug|iPhone
		{7893D393-4744-43DF-A382-73C41B283629}.Debug|iPhoneSimulator.ActiveCfg = Debug|iPhoneSimulator
		{7893D393-4744-43DF-A382-73C41B283629}.Debug|iPhoneSimulator.Build.0 = Debug|iPhoneSimulator
		{7893D393-4744-43DF-A382-73C41B283629}.Release|Any CPU.ActiveCfg = Release|iPhone
		{7893D393-4744-43DF-A382-73C41B283629}.Release|iPhone.ActiveCfg = Release|iPhone
		{7893D393-4744-43DF-A382-73C41B283629}.Release|iPhone.Build.0 = Release|iPhone
		{7893D393-4744-43DF-A382-73C41B283629}.Release|iPhoneSimulator.ActiveCfg = Release|iPhoneSimulator
		{7893D393-4744-43DF-A382-73C41B283629}.Release|iPhoneSimulator.Build.0 = Release|iPhoneSimulator
		{3F36A3B9-15EC-4EE1-85F8-2D256C798D57}.Ad-Hoc|Any CPU.ActiveCfg = Release|Any CPU
		{3F36A3B9-15EC-4EE1-85F8-2D256C798D57}.Ad-Hoc|Any CPU.Build.0 = Release|Any CPU
		{3F36A3B9-15EC-4EE1-85F8-2D256C798D57}.Ad-Hoc|iPhone.ActiveCfg = Release|Any CPU
		{3F36A3B9-15EC-4EE1-85F8-2D256C798D57}.Ad-Hoc|iPhone.Build.0 = Release|Any CPU
		{3F36A3B9-15EC-4EE1-85F8-2D256C798D57}.Ad-Hoc|iPhoneSimulator.ActiveCfg = Release|Any CPU
		{3F36A3B9-15EC-4EE1-85F8-2D256C798D57}.Ad-Hoc|iPhoneSimulator.Build.0 = Release|Any CPU
		{3F36A3B9-15EC-4EE1-85F8-2D256C798D57}.AppStore|Any CPU.ActiveCfg = Release|Any CPU
		{3F36A3B9-15EC-4EE1-85F8-2D256C798D57}.AppStore|Any CPU.Build.0 = Release|Any CPU
		{3F36A3B9-15EC-4EE1-85F8-2D256C798D57}.AppStore|iPhone.ActiveCfg = Release|Any CPU
		{3F36A3B9-15EC-4EE1-85F8-2D256C798D57}.AppStore|iPhone.Build.0 = Release|Any CPU
		{3F36A3B9-15EC-4EE1-85F8-2D256C798D57}.AppStore|iPhoneSimulator.ActiveCfg = Release|Any CPU
		{3F36A3B9-15EC-4EE1-85F8-2D256C798D57}.AppStore|iPhoneSimulator.Build.0 = Release|Any CPU
		{3F36A3B9-15EC-4EE1-85F8-2D256C798D57}.Debug|Any CPU.ActiveCfg = Debug|Any CPU
		{3F36A3B9-15EC-4EE1-85F8-2D256C798D57}.Debug|Any CPU.Build.0 = Debug|Any CPU
		{3F36A3B9-15EC-4EE1-85F8-2D256C798D57}.Debug|iPhone.ActiveCfg = Debug|Any CPU
		{3F36A3B9-15EC-4EE1-85F8-2D256C798D57}.Debug|iPhone.Build.0 = Debug|Any CPU
		{3F36A3B9-15EC-4EE1-85F8-2D256C798D57}.Debug|iPhoneSimulator.ActiveCfg = Debug|Any CPU
		{3F36A3B9-15EC-4EE1-85F8-2D256C798D57}.Debug|iPhoneSimulator.Build.0 = Debug|Any CPU
		{3F36A3B9-15EC-4EE1-85F8-2D256C798D57}.Release|Any CPU.ActiveCfg = Release|Any CPU
		{3F36A3B9-15EC-4EE1-85F8-2D256C798D57}.Release|Any CPU.Build.0 = Release|Any CPU
		{3F36A3B9-15EC-4EE1-85F8-2D256C798D57}.Release|iPhone.ActiveCfg = Release|Any CPU
		{3F36A3B9-15EC-4EE1-85F8-2D256C798D57}.Release|iPhone.Build.0 = Release|Any CPU
		{3F36A3B9-15EC-4EE1-85F8-2D256C798D57}.Release|iPhoneSimulator.ActiveCfg = Release|Any CPU
		{3F36A3B9-15EC-4EE1-85F8-2D256C798D57}.Release|iPhoneSimulator.Build.0 = Release|Any CPU
	EndGlobalSection
	GlobalSection(SolutionProperties) = preSolution
		HideSolutionNode = FALSE
	EndGlobalSection
	GlobalSection(NestedProjects) = preSolution
		{0AE82C94-4A55-4B2D-B15E-E235F7060A0F} = {137A317A-B115-4675-A601-C63B39F01F28}
		{C5B97DB5-30FE-4FA8-B442-BA07E666D512} = {137A317A-B115-4675-A601-C63B39F01F28}
		{6B7F4291-5F42-4C98-BD12-B0BFA8905E65} = {2521C216-7054-4A87-BAAB-A9A41049C4C2}
		{A8BDD9F3-31C7-431C-B623-93A7EB5DB458} = {2521C216-7054-4A87-BAAB-A9A41049C4C2}
		{7893D393-4744-43DF-A382-73C41B283629} = {2521C216-7054-4A87-BAAB-A9A41049C4C2}
	EndGlobalSection
EndGlobal
